
Microsoft Visual Studio Solution File, Format Version 12.00
# Visual Studio 15
VisualStudioVersion = 15.0.28307.136
MinimumVisualStudioVersion = 10.0.40219.1
Project("{FAE04EC0-301F-11D3-BF4B-00C04F79EFBC}") = "Blog_final_Asp", "Blog_final_Asp\Blog_final_Asp.csproj", "{051E7186-E416-409C-BA03-2162BCCFF629}"
EndProject
Project("{FAE04EC0-301F-11D3-BF4B-00C04F79EFBC}") = "Blog_final_Asp.Tests", "Blog_final_Asp.Tests\Blog_final_Asp.Tests.csproj", "{80D1EADE-455C-4ADF-BCD8-ACA56091EE30}"
EndProject
Global
	GlobalSection(SolutionConfigurationPlatforms) = preSolution
		Debug|Any CPU = Debug|Any CPU
		Release|Any CPU = Release|Any CPU
	EndGlobalSection
	GlobalSection(ProjectConfigurationPlatforms) = postSolution
		{051E7186-E416-409C-BA03-2162BCCFF629}.Debug|Any CPU.ActiveCfg = Debug|Any CPU
		{051E7186-E416-409C-BA03-2162BCCFF629}.Debug|Any CPU.Build.0 = Debug|Any CPU
		{051E7186-E416-409C-BA03-2162BCCFF629}.Release|Any CPU.ActiveCfg = Release|Any CPU
		{051E7186-E416-409C-BA03-2162BCCFF629}.Release|Any CPU.Build.0 = Release|Any CPU
		{80D1EADE-455C-4ADF-BCD8-ACA56091EE30}.Debug|Any CPU.ActiveCfg = Debug|Any CPU
		{80D1EADE-455C-4ADF-BCD8-ACA56091EE30}.Debug|Any CPU.Build.0 = Debug|Any CPU
		{80D1EADE-455C-4ADF-BCD8-ACA56091EE30}.Release|Any CPU.ActiveCfg = Release|Any CPU
		{80D1EADE-455C-4ADF-BCD8-ACA56091EE30}.Release|Any CPU.Build.0 = Release|Any CPU
	EndGlobalSection
	GlobalSection(SolutionProperties) = preSolution
		HideSolutionNode = FALSE
	EndGlobalSection
	GlobalSection(ExtensibilityGlobals) = postSolution
		SolutionGuid = {680C052B-DB20-4625-861E-14CB77DBDA1E}
	EndGlobalSection
EndGlobal
